<?xml version="1.0" encoding="utf-8"?>
<Project ToolsVersion="4.0" xmlns="http://schemas.microsoft.com/developer/msbuild/2003">
  <ItemGroup>
    <Filter Include="Source Files">
      <UniqueIdentifier>{4FC737F1-C7A5-4376-A066-2A32D752A2FF}</UniqueIdentifier>
      <Extensions>cpp;c;cc;cxx;c++;cppm;ixx;def;odl;idl;hpj;bat;asm;asmx</Extensions>
    </Filter>
    <Filter Include="Header Files">
      <UniqueIdentifier>{93995380-89BD-4b04-88EB-625FBE52EBFB}</UniqueIdentifier>
      <Extensions>h;hh;hpp;hxx;h++;hm;inl;inc;ipp;xsd</Extensions>
    </Filter>
    <Filter Include="Resource Files">
      <UniqueIdentifier>{67DA6AB6-F800-4c08-8B7A-83BB121AAD01}</UniqueIdentifier>
      <Extensions>rc;ico;cur;bmp;dlg;rc2;rct;bin;rgs;gif;jpg;jpeg;jpe;resx;tiff;tif;png;wav;mfcribbon-ms</Extensions>
    </Filter>
    <Filter Include="Header Files\Domain">
      <UniqueIdentifier>{5e535d15-1b0b-4387-9aa8-e857ac557f13}</UniqueIdentifier>
    </Filter>
    <Filter Include="Source Files\Domain">
      <UniqueIdentifier>{447958df-f088-4304-8a94-ee42f21b2d34}</UniqueIdentifier>
    </Filter>
    <Filter Include="Source Files\repository">
      <UniqueIdentifier>{f1d8c5bd-2652-47a8-907d-18ef76e764f6}</UniqueIdentifier>
    </Filter>
    <Filter Include="Header Files\repository">
      <UniqueIdentifier>{6b11d937-8cd9-4556-85a1-f7df306d4953}</UniqueIdentifier>
    </Filter>
    <Filter Include="Header Files\service">
      <UniqueIdentifier>{027fad0d-d838-4a4a-a2dd-9e626caa3524}</UniqueIdentifier>
    </Filter>
    <Filter Include="Source Files\service">
      <UniqueIdentifier>{3baba97b-f733-4ab2-89b5-4faf62c8bb35}</UniqueIdentifier>
    </Filter>
  </ItemGroup>
  <ItemGroup>
    <ClCompile Include="companyC.cpp">
      <Filter>Source Files</Filter>
    </ClCompile>
    <ClCompile Include="Angajat.cpp">
      <Filter>Source Files\Domain</Filter>
    </ClCompile>
    <ClCompile Include="Manager.cpp">
      <Filter>Source Files\Domain</Filter>
    </ClCompile>
    <ClCompile Include="Muncitor.cpp">
      <Filter>Source Files\Domain</Filter>
    </ClCompile>
    <ClCompile Include="CEO.cpp">
      <Filter>Source Files\Domain</Filter>
    </ClCompile>
    <ClCompile Include="SefDepartament.cpp">
      <Filter>Source Files\Domain</Filter>
    </ClCompile>
    <ClCompile Include="TeamLeader.cpp">
      <Filter>Source Files\Domain</Filter>
    </ClCompile>
    <ClCompile Include="repo.cpp">
      <Filter>Source Files\repository</Filter>
    </ClCompile>
    <ClCompile Include="service.cpp">
      <Filter>Source Files\service</Filter>
    </ClCompile>
  </ItemGroup>
  <ItemGroup>
    <ClInclude Include="Angajat.h">
      <Filter>Header Files\Domain</Filter>
    </ClInclude>
    <ClInclude Include="Manager.h">
      <Filter>Header Files\Domain</Filter>
    </ClInclude>
    <ClInclude Include="Muncitor.h">
      <Filter>Header Files\Domain</Filter>
    </ClInclude>
    <ClInclude Include="CEO.h">
      <Filter>Header Files\Domain</Filter>
    </ClInclude>
    <ClInclude Include="SefDepartament.h">
      <Filter>Header Files\Domain</Filter>
    </ClInclude>
    <ClInclude Include="TeamLeader.h">
      <Filter>Header Files\Domain</Filter>
    </ClInclude>
    <ClInclude Include="repo.h">
      <Filter>Header Files\repository</Filter>
    </ClInclude>
    <ClInclude Include="service.h">
      <Filter>Header Files\service</Filter>
    </ClInclude>
  </ItemGroup>
</Project>